// !$*UTF8*$!
{
	archiveVersion = 1;
	classes = {
	};
	objectVersion = 50;
	objects = {

/* Begin PBXBuildFile section */
		5B3E4C2C269C82DA0015F922 /* TableViewCell.swift in Sources */ = {isa = PBXBuildFile; fileRef = 5B3E4C2B269C82DA0015F922 /* TableViewCell.swift */; };
		5B3E4C2D269C82DA0015F922 /* TableViewCell.swift in Sources */ = {isa = PBXBuildFile; fileRef = 5B3E4C2B269C82DA0015F922 /* TableViewCell.swift */; };
		5B3E4C2E269C82DA0015F922 /* TableViewCell.swift in Sources */ = {isa = PBXBuildFile; fileRef = 5B3E4C2B269C82DA0015F922 /* TableViewCell.swift */; };
		5B3E4C34269CC0A70015F922 /* DetailViewController.swift in Sources */ = {isa = PBXBuildFile; fileRef = 5B3E4C33269CC0A70015F922 /* DetailViewController.swift */; };
		5B4BCFF62698A7810000DC36 /* NYTAPI.swift in Sources */ = {isa = PBXBuildFile; fileRef = 5B4BCFF52698A7810000DC36 /* NYTAPI.swift */; };
		5B4BCFF72698A7810000DC36 /* NYTAPI.swift in Sources */ = {isa = PBXBuildFile; fileRef = 5B4BCFF52698A7810000DC36 /* NYTAPI.swift */; };
		5B4BCFF82698A7810000DC36 /* NYTAPI.swift in Sources */ = {isa = PBXBuildFile; fileRef = 5B4BCFF52698A7810000DC36 /* NYTAPI.swift */; };
		5BC218292698A4C3002F8AA8 /* AppDelegate.swift in Sources */ = {isa = PBXBuildFile; fileRef = 5BC218282698A4C3002F8AA8 /* AppDelegate.swift */; };
		5BC2182B2698A4C3002F8AA8 /* SceneDelegate.swift in Sources */ = {isa = PBXBuildFile; fileRef = 5BC2182A2698A4C3002F8AA8 /* SceneDelegate.swift */; };
		5BC2182D2698A4C3002F8AA8 /* ViewController.swift in Sources */ = {isa = PBXBuildFile; fileRef = 5BC2182C2698A4C3002F8AA8 /* ViewController.swift */; };
		5BC218302698A4C3002F8AA8 /* Main.storyboard in Resources */ = {isa = PBXBuildFile; fileRef = 5BC2182E2698A4C3002F8AA8 /* Main.storyboard */; };
		5BC218322698A4C7002F8AA8 /* Assets.xcassets in Resources */ = {isa = PBXBuildFile; fileRef = 5BC218312698A4C7002F8AA8 /* Assets.xcassets */; };
		5BC218352698A4C7002F8AA8 /* LaunchScreen.storyboard in Resources */ = {isa = PBXBuildFile; fileRef = 5BC218332698A4C7002F8AA8 /* LaunchScreen.storyboard */; };
		5BC218402698A4C7002F8AA8 /* HealthCode2Tests.swift in Sources */ = {isa = PBXBuildFile; fileRef = 5BC2183F2698A4C7002F8AA8 /* HealthCode2Tests.swift */; };
		5BC2184B2698A4C7002F8AA8 /* HealthCode2UITests.swift in Sources */ = {isa = PBXBuildFile; fileRef = 5BC2184A2698A4C7002F8AA8 /* HealthCode2UITests.swift */; };
		C6D2B747B149A889596313F1 /* libPods-HealthCode2.a in Frameworks */ = {isa = PBXBuildFile; fileRef = C0CA18F5FB7CA7CCACA7059E /* libPods-HealthCode2.a */; };
/* End PBXBuildFile section */

/* Begin PBXContainerItemProxy section */
		5BC2183C2698A4C7002F8AA8 /* PBXContainerItemProxy */ = {
			isa = PBXContainerItemProxy;
			containerPortal = 5BC2181D2698A4C3002F8AA8 /* Project object */;
			proxyType = 1;
			remoteGlobalIDString = 5BC218242698A4C3002F8AA8;
			remoteInfo = HealthCode2;
		};
		5BC218472698A4C7002F8AA8 /* PBXContainerItemProxy */ = {
			isa = PBXContainerItemProxy;
			containerPortal = 5BC2181D2698A4C3002F8AA8 /* Project object */;
			proxyType = 1;
			remoteGlobalIDString = 5BC218242698A4C3002F8AA8;
			remoteInfo = HealthCode2;
		};
/* End PBXContainerItemProxy section */

/* Begin PBXFileReference section */
		5B3E4C2B269C82DA0015F922 /* TableViewCell.swift */ = {isa = PBXFileReference; lastKnownFileType = sourcecode.swift; path = TableViewCell.swift; sourceTree = "<group>"; };
		5B3E4C33269CC0A70015F922 /* DetailViewController.swift */ = {isa = PBXFileReference; lastKnownFileType = sourcecode.swift; path = DetailViewController.swift; sourceTree = "<group>"; };
		5B4BCFF52698A7810000DC36 /* NYTAPI.swift */ = {isa = PBXFileReference; lastKnownFileType = sourcecode.swift; path = NYTAPI.swift; sourceTree = "<group>"; };
		5BC218252698A4C3002F8AA8 /* HealthCode2.app */ = {isa = PBXFileReference; explicitFileType = wrapper.application; includeInIndex = 0; path = HealthCode2.app; sourceTree = BUILT_PRODUCTS_DIR; };
		5BC218282698A4C3002F8AA8 /* AppDelegate.swift */ = {isa = PBXFileReference; lastKnownFileType = sourcecode.swift; path = AppDelegate.swift; sourceTree = "<group>"; };
		5BC2182A2698A4C3002F8AA8 /* SceneDelegate.swift */ = {isa = PBXFileReference; lastKnownFileType = sourcecode.swift; path = SceneDelegate.swift; sourceTree = "<group>"; };
		5BC2182C2698A4C3002F8AA8 /* ViewController.swift */ = {isa = PBXFileReference; lastKnownFileType = sourcecode.swift; path = ViewController.swift; sourceTree = "<group>"; };
		5BC2182F2698A4C3002F8AA8 /* Base */ = {isa = PBXFileReference; lastKnownFileType = file.storyboard; name = Base; path = Base.lproj/Main.storyboard; sourceTree = "<group>"; };
		5BC218312698A4C7002F8AA8 /* Assets.xcassets */ = {isa = PBXFileReference; lastKnownFileType = folder.assetcatalog; path = Assets.xcassets; sourceTree = "<group>"; };
		5BC218342698A4C7002F8AA8 /* Base */ = {isa = PBXFileReference; lastKnownFileType = file.storyboard; name = Base; path = Base.lproj/LaunchScreen.storyboard; sourceTree = "<group>"; };
		5BC218362698A4C7002F8AA8 /* Info.plist */ = {isa = PBXFileReference; lastKnownFileType = text.plist.xml; path = Info.plist; sourceTree = "<group>"; };
		5BC2183B2698A4C7002F8AA8 /* HealthCode2Tests.xctest */ = {isa = PBXFileReference; explicitFileType = wrapper.cfbundle; includeInIndex = 0; path = HealthCode2Tests.xctest; sourceTree = BUILT_PRODUCTS_DIR; };
		5BC2183F2698A4C7002F8AA8 /* HealthCode2Tests.swift */ = {isa = PBXFileReference; lastKnownFileType = sourcecode.swift; path = HealthCode2Tests.swift; sourceTree = "<group>"; };
		5BC218412698A4C7002F8AA8 /* Info.plist */ = {isa = PBXFileReference; lastKnownFileType = text.plist.xml; path = Info.plist; sourceTree = "<group>"; };
		5BC218462698A4C7002F8AA8 /* HealthCode2UITests.xctest */ = {isa = PBXFileReference; explicitFileType = wrapper.cfbundle; includeInIndex = 0; path = HealthCode2UITests.xctest; sourceTree = BUILT_PRODUCTS_DIR; };
		5BC2184A2698A4C7002F8AA8 /* HealthCode2UITests.swift */ = {isa = PBXFileReference; lastKnownFileType = sourcecode.swift; path = HealthCode2UITests.swift; sourceTree = "<group>"; };
		5BC2184C2698A4C7002F8AA8 /* Info.plist */ = {isa = PBXFileReference; lastKnownFileType = text.plist.xml; path = Info.plist; sourceTree = "<group>"; };
		C0CA18F5FB7CA7CCACA7059E /* libPods-HealthCode2.a */ = {isa = PBXFileReference; explicitFileType = archive.ar; includeInIndex = 0; path = "libPods-HealthCode2.a"; sourceTree = BUILT_PRODUCTS_DIR; };
		C9353C048B0DAE34CC8F8669 /* Pods-HealthCode2.debug.xcconfig */ = {isa = PBXFileReference; includeInIndex = 1; lastKnownFileType = text.xcconfig; name = "Pods-HealthCode2.debug.xcconfig"; path = "Target Support Files/Pods-HealthCode2/Pods-HealthCode2.debug.xcconfig"; sourceTree = "<group>"; };
		E4EEFF35E9BF81938B392BB7 /* Pods-HealthCode2.release.xcconfig */ = {isa = PBXFileReference; includeInIndex = 1; lastKnownFileType = text.xcconfig; name = "Pods-HealthCode2.release.xcconfig"; path = "Target Support Files/Pods-HealthCode2/Pods-HealthCode2.release.xcconfig"; sourceTree = "<group>"; };
/* End PBXFileReference section */

/* Begin PBXFrameworksBuildPhase section */
		5BC218222698A4C3002F8AA8 /* Frameworks */ = {
			isa = PBXFrameworksBuildPhase;
			buildActionMask = 2147483647;
			files = (
				C6D2B747B149A889596313F1 /* libPods-HealthCode2.a in Frameworks */,
			);
			runOnlyForDeploymentPostprocessing = 0;
		};
		5BC218382698A4C7002F8AA8 /* Frameworks */ = {
			isa = PBXFrameworksBuildPhase;
			buildActionMask = 2147483647;
			files = (
			);
			runOnlyForDeploymentPostprocessing = 0;
		};
		5BC218432698A4C7002F8AA8 /* Frameworks */ = {
			isa = PBXFrameworksBuildPhase;
			buildActionMask = 2147483647;
			files = (
			);
			runOnlyForDeploymentPostprocessing = 0;
		};
/* End PBXFrameworksBuildPhase section */

/* Begin PBXGroup section */
		5B0DA745269DD79D0087FB33 /* ViewControllers */ = {
			isa = PBXGroup;
			children = (
				5BC2182C2698A4C3002F8AA8 /* ViewController.swift */,
				5B3E4C33269CC0A70015F922 /* DetailViewController.swift */,
			);
			path = ViewControllers;
			sourceTree = "<group>";
		};
		5BC2181C2698A4C3002F8AA8 = {
			isa = PBXGroup;
			children = (
				5BC218272698A4C3002F8AA8 /* HealthCode2 */,
				5BC2183E2698A4C7002F8AA8 /* HealthCode2Tests */,
				5BC218492698A4C7002F8AA8 /* HealthCode2UITests */,
				5BC218262698A4C3002F8AA8 /* Products */,
				BFC448F332A62263C55DBC53 /* Pods */,
				AE138B9D3A8E0914E580553B /* Frameworks */,
			);
			sourceTree = "<group>";
		};
		5BC218262698A4C3002F8AA8 /* Products */ = {
			isa = PBXGroup;
			children = (
				5BC218252698A4C3002F8AA8 /* HealthCode2.app */,
				5BC2183B2698A4C7002F8AA8 /* HealthCode2Tests.xctest */,
				5BC218462698A4C7002F8AA8 /* HealthCode2UITests.xctest */,
			);
			name = Products;
			sourceTree = "<group>";
		};
		5BC218272698A4C3002F8AA8 /* HealthCode2 */ = {
			isa = PBXGroup;
			children = (
				5B0DA745269DD79D0087FB33 /* ViewControllers */,
				5BC218282698A4C3002F8AA8 /* AppDelegate.swift */,
				5BC2182A2698A4C3002F8AA8 /* SceneDelegate.swift */,
				5B3E4C2B269C82DA0015F922 /* TableViewCell.swift */,
				5B4BCFF52698A7810000DC36 /* NYTAPI.swift */,
				5BC2182E2698A4C3002F8AA8 /* Main.storyboard */,
				5BC218312698A4C7002F8AA8 /* Assets.xcassets */,
				5BC218332698A4C7002F8AA8 /* LaunchScreen.storyboard */,
				5BC218362698A4C7002F8AA8 /* Info.plist */,
			);
			path = HealthCode2;
			sourceTree = "<group>";
		};
		5BC2183E2698A4C7002F8AA8 /* HealthCode2Tests */ = {
			isa = PBXGroup;
			children = (
				5BC2183F2698A4C7002F8AA8 /* HealthCode2Tests.swift */,
				5BC218412698A4C7002F8AA8 /* Info.plist */,
			);
			path = HealthCode2Tests;
			sourceTree = "<group>";
		};
		5BC218492698A4C7002F8AA8 /* HealthCode2UITests */ = {
			isa = PBXGroup;
			children = (
				5BC2184A2698A4C7002F8AA8 /* HealthCode2UITests.swift */,
				5BC2184C2698A4C7002F8AA8 /* Info.plist */,
			);
			path = HealthCode2UITests;
			sourceTree = "<group>";
		};
		AE138B9D3A8E0914E580553B /* Frameworks */ = {
			isa = PBXGroup;
			children = (
				C0CA18F5FB7CA7CCACA7059E /* libPods-HealthCode2.a */,
			);
			name = Frameworks;
			sourceTree = "<group>";
		};
		BFC448F332A62263C55DBC53 /* Pods */ = {
			isa = PBXGroup;
			children = (
				C9353C048B0DAE34CC8F8669 /* Pods-HealthCode2.debug.xcconfig */,
				E4EEFF35E9BF81938B392BB7 /* Pods-HealthCode2.release.xcconfig */,
			);
			path = Pods;
			sourceTree = "<group>";
		};
/* End PBXGroup section */

/* Begin PBXNativeTarget section */
		5BC218242698A4C3002F8AA8 /* HealthCode2 */ = {
			isa = PBXNativeTarget;
			buildConfigurationList = 5BC2184F2698A4C7002F8AA8 /* Build configuration list for PBXNativeTarget "HealthCode2" */;
			buildPhases = (
				18EEE05654E45D6DC96EBA9B /* [CP] Check Pods Manifest.lock */,
				5BC218212698A4C3002F8AA8 /* Sources */,
				5BC218222698A4C3002F8AA8 /* Frameworks */,
				5BC218232698A4C3002F8AA8 /* Resources */,
			);
			buildRules = (
			);
			dependencies = (
			);
			name = HealthCode2;
			productName = HealthCode2;
			productReference = 5BC218252698A4C3002F8AA8 /* HealthCode2.app */;
			productType = "com.apple.product-type.application";
		};
		5BC2183A2698A4C7002F8AA8 /* HealthCode2Tests */ = {
			isa = PBXNativeTarget;
			buildConfigurationList = 5BC218522698A4C7002F8AA8 /* Build configuration list for PBXNativeTarget "HealthCode2Tests" */;
			buildPhases = (
				5BC218372698A4C7002F8AA8 /* Sources */,
				5BC218382698A4C7002F8AA8 /* Frameworks */,
				5BC218392698A4C7002F8AA8 /* Resources */,
			);
			buildRules = (
			);
			dependencies = (
				5BC2183D2698A4C7002F8AA8 /* PBXTargetDependency */,
			);
			name = HealthCode2Tests;
			productName = HealthCode2Tests;
			productReference = 5BC2183B2698A4C7002F8AA8 /* HealthCode2Tests.xctest */;
			productType = "com.apple.product-type.bundle.unit-test";
		};
		5BC218452698A4C7002F8AA8 /* HealthCode2UITests */ = {
			isa = PBXNativeTarget;
			buildConfigurationList = 5BC218552698A4C7002F8AA8 /* Build configuration list for PBXNativeTarget "HealthCode2UITests" */;
			buildPhases = (
				5BC218422698A4C7002F8AA8 /* Sources */,
				5BC218432698A4C7002F8AA8 /* Frameworks */,
				5BC218442698A4C7002F8AA8 /* Resources */,
			);
			buildRules = (
			);
			dependencies = (
				5BC218482698A4C7002F8AA8 /* PBXTargetDependency */,
			);
			name = HealthCode2UITests;
			productName = HealthCode2UITests;
			productReference = 5BC218462698A4C7002F8AA8 /* HealthCode2UITests.xctest */;
			productType = "com.apple.product-type.bundle.ui-testing";
		};
/* End PBXNativeTarget section */

/* Begin PBXProject section */
		5BC2181D2698A4C3002F8AA8 /* Project object */ = {
			isa = PBXProject;
			attributes = {
				LastSwiftUpdateCheck = 1250;
				LastUpgradeCheck = 1250;
				TargetAttributes = {
					5BC218242698A4C3002F8AA8 = {
						CreatedOnToolsVersion = 12.5.1;
					};
					5BC2183A2698A4C7002F8AA8 = {
						CreatedOnToolsVersion = 12.5.1;
						TestTargetID = 5BC218242698A4C3002F8AA8;
					};
					5BC218452698A4C7002F8AA8 = {
						CreatedOnToolsVersion = 12.5.1;
						TestTargetID = 5BC218242698A4C3002F8AA8;
					};
				};
			};
			buildConfigurationList = 5BC218202698A4C3002F8AA8 /* Build configuration list for PBXProject "HealthCode2" */;
			compatibilityVersion = "Xcode 9.3";
			developmentRegion = en;
			hasScannedForEncodings = 0;
			knownRegions = (
				en,
				Base,
			);
			mainGroup = 5BC2181C2698A4C3002F8AA8;
			productRefGroup = 5BC218262698A4C3002F8AA8 /* Products */;
			projectDirPath = "";
			projectRoot = "";
			targets = (
				5BC218242698A4C3002F8AA8 /* HealthCode2 */,
				5BC2183A2698A4C7002F8AA8 /* HealthCode2Tests */,
				5BC218452698A4C7002F8AA8 /* HealthCode2UITests */,
			);
		};
/* End PBXProject section */

/* Begin PBXResourcesBuildPhase section */
		5BC218232698A4C3002F8AA8 /* Resources */ = {
			isa = PBXResourcesBuildPhase;
			buildActionMask = 2147483647;
			files = (
				5BC218352698A4C7002F8AA8 /* LaunchScreen.storyboard in Resources */,
				5BC218322698A4C7002F8AA8 /* Assets.xcassets in Resources */,
				5BC218302698A4C3002F8AA8 /* Main.storyboard in Resources */,
			);
			runOnlyForDeploymentPostprocessing = 0;
		};
		5BC218392698A4C7002F8AA8 /* Resources */ = {
			isa = PBXResourcesBuildPhase;
			buildActionMask = 2147483647;
			files = (
			);
			runOnlyForDeploymentPostprocessing = 0;
		};
		5BC218442698A4C7002F8AA8 /* Resources */ = {
			isa = PBXResourcesBuildPhase;
			buildActionMask = 2147483647;
			files = (
			);
			runOnlyForDeploymentPostprocessing = 0;
		};
/* End PBXResourcesBuildPhase section */

/* Begin PBXShellScriptBuildPhase section */
		18EEE05654E45D6DC96EBA9B /* [CP] Check Pods Manifest.lock */ = {
			isa = PBXShellScriptBuildPhase;
			buildActionMask = 2147483647;
			files = (
			);
			inputFileListPaths = (
			);
			inputPaths = (
				"${PODS_PODFILE_DIR_PATH}/Podfile.lock",
				"${PODS_ROOT}/Manifest.lock",
			);
			name = "[CP] Check Pods Manifest.lock";
			outputFileListPaths = (
			);
			outputPaths = (
				"$(DERIVED_FILE_DIR)/Pods-HealthCode2-checkManifestLockResult.txt",
			);
			runOnlyForDeploymentPostprocessing = 0;
			shellPath = /bin/sh;
			shellScript = "diff \"${PODS_PODFILE_DIR_PATH}/Podfile.lock\" \"${PODS_ROOT}/Manifest.lock\" > /dev/null\nif [ $? != 0 ] ; then\n    # print error to STDERR\n    echo \"error: The sandbox is not in sync with the Podfile.lock. Run 'pod install' or update your CocoaPods installation.\" >&2\n    exit 1\nfi\n# This output is used by Xcode 'outputs' to avoid re-running this script phase.\necho \"SUCCESS\" > \"${SCRIPT_OUTPUT_FILE_0}\"\n";
			showEnvVarsInLog = 0;
		};
/* End PBXShellScriptBuildPhase section */

/* Begin PBXSourcesBuildPhase section */
		5BC218212698A4C3002F8AA8 /* Sources */ = {
			isa = PBXSourcesBuildPhase;
			buildActionMask = 2147483647;
			files = (
				5B3E4C2C269C82DA0015F922 /* TableViewCell.swift in Sources */,
				5B4BCFF62698A7810000DC36 /* NYTAPI.swift in Sources */,
				5BC2182D2698A4C3002F8AA8 /* ViewController.swift in Sources */,
				5B3E4C34269CC0A70015F922 /* DetailViewController.swift in Sources */,
				5BC218292698A4C3002F8AA8 /* AppDelegate.swift in Sources */,
				5BC2182B2698A4C3002F8AA8 /* SceneDelegate.swift in Sources */,
			);
			runOnlyForDeploymentPostprocessing = 0;
		};
		5BC218372698A4C7002F8AA8 /* Sources */ = {
			isa = PBXSourcesBuildPhase;
			buildActionMask = 2147483647;
			files = (
				5B3E4C2D269C82DA0015F922 /* TableViewCell.swift in Sources */,
				5B4BCFF72698A7810000DC36 /* NYTAPI.swift in Sources */,
				5BC218402698A4C7002F8AA8 /* HealthCode2Tests.swift in Sources */,
			);
			runOnlyForDeploymentPostprocessing = 0;
		};
		5BC218422698A4C7002F8AA8 /* Sources */ = {
			isa = PBXSourcesBuildPhase;
			buildActionMask = 2147483647;
			files = (
				5B3E4C2E269C82DA0015F922 /* TableViewCell.swift in Sources */,
				5B4BCFF82698A7810000DC36 /* NYTAPI.swift in Sources */,
				5BC2184B2698A4C7002F8AA8 /* HealthCode2UITests.swift in Sources */,
			);
			runOnlyForDeploymentPostprocessing = 0;
		};
/* End PBXSourcesBuildPhase section */

/* Begin PBXTargetDependency section */
		5BC2183D2698A4C7002F8AA8 /* PBXTargetDependency */ = {
			isa = PBXTargetDependency;
			target = 5BC218242698A4C3002F8AA8 /* HealthCode2 */;
			targetProxy = 5BC2183C2698A4C7002F8AA8 /* PBXContainerItemProxy */;
		};
		5BC218482698A4C7002F8AA8 /* PBXTargetDependency */ = {
			isa = PBXTargetDependency;
			target = 5BC218242698A4C3002F8AA8 /* HealthCode2 */;
			targetProxy = 5BC218472698A4C7002F8AA8 /* PBXContainerItemProxy */;
		};
/* End PBXTargetDependency section */

/* Begin PBXVariantGroup section */
		5BC2182E2698A4C3002F8AA8 /* Main.storyboard */ = {
			isa = PBXVariantGroup;
			children = (
				5BC2182F2698A4C3002F8AA8 /* Base */,
			);
			name = Main.storyboard;
			sourceTree = "<group>";
		};
		5BC218332698A4C7002F8AA8 /* LaunchScreen.storyboard */ = {
			isa = PBXVariantGroup;
			children = (
				5BC218342698A4C7002F8AA8 /* Base */,
			);
			name = LaunchScreen.storyboard;
			sourceTree = "<group>";
		};
/* End PBXVariantGroup section */

/* Begin XCBuildConfiguration section */
		5BC2184D2698A4C7002F8AA8 /* Debug */ = {
			isa = XCBuildConfiguration;
			buildSettings = {
				ALWAYS_SEARCH_USER_PATHS = NO;
				CLANG_ANALYZER_NONNULL = YES;
				CLANG_ANALYZER_NUMBER_OBJECT_CONVERSION = YES_AGGRESSIVE;
				CLANG_CXX_LANGUAGE_STANDARD = "gnu++14";
				CLANG_CXX_LIBRARY = "libc++";
				CLANG_ENABLE_MODULES = YES;
				CLANG_ENABLE_OBJC_ARC = YES;
				CLANG_ENABLE_OBJC_WEAK = YES;
				CLANG_WARN_BLOCK_CAPTURE_AUTORELEASING = YES;
				CLANG_WARN_BOOL_CONVERSION = YES;
				CLANG_WARN_COMMA = YES;
				CLANG_WARN_CONSTANT_CONVERSION = YES;
				CLANG_WARN_DEPRECATED_OBJC_IMPLEMENTATIONS = YES;
				CLANG_WARN_DIRECT_OBJC_ISA_USAGE = YES_ERROR;
				CLANG_WARN_DOCUMENTATION_COMMENTS = YES;
				CLANG_WARN_EMPTY_BODY = YES;
				CLANG_WARN_ENUM_CONVERSION = YES;
				CLANG_WARN_INFINITE_RECURSION = YES;
				CLANG_WARN_INT_CONVERSION = YES;
				CLANG_WARN_NON_LITERAL_NULL_CONVERSION = YES;
				CLANG_WARN_OBJC_IMPLICIT_RETAIN_SELF = YES;
				CLANG_WARN_OBJC_LITERAL_CONVERSION = YES;
				CLANG_WARN_OBJC_ROOT_CLASS = YES_ERROR;
				CLANG_WARN_QUOTED_INCLUDE_IN_FRAMEWORK_HEADER = YES;
				CLANG_WARN_RANGE_LOOP_ANALYSIS = YES;
				CLANG_WARN_STRICT_PROTOTYPES = YES;
				CLANG_WARN_SUSPICIOUS_MOVE = YES;
				CLANG_WARN_UNGUARDED_AVAILABILITY = YES_AGGRESSIVE;
				CLANG_WARN_UNREACHABLE_CODE = YES;
				CLANG_WARN__DUPLICATE_METHOD_MATCH = YES;
				COPY_PHASE_STRIP = NO;
				DEBUG_INFORMATION_FORMAT = dwarf;
				ENABLE_STRICT_OBJC_MSGSEND = YES;
				ENABLE_TESTABILITY = YES;
				GCC_C_LANGUAGE_STANDARD = gnu11;
				GCC_DYNAMIC_NO_PIC = NO;
				GCC_NO_COMMON_BLOCKS = YES;
				GCC_OPTIMIZATION_LEVEL = 0;
				GCC_PREPROCESSOR_DEFINITIONS = (
					"DEBUG=1",
					"$(inherited)",
				);
				GCC_WARN_64_TO_32_BIT_CONVERSION = YES;
				GCC_WARN_ABOUT_RETURN_TYPE = YES_ERROR;
				GCC_WARN_UNDECLARED_SELECTOR = YES;
				GCC_WARN_UNINITIALIZED_AUTOS = YES_AGGRESSIVE;
				GCC_WARN_UNUSED_FUNCTION = YES;
				GCC_WARN_UNUSED_VARIABLE = YES;
				IPHONEOS_DEPLOYMENT_TARGET = 14.5;
				MTL_ENABLE_DEBUG_INFO = INCLUDE_SOURCE;
				MTL_FAST_MATH = YES;
				ONLY_ACTIVE_ARCH = YES;
				SDKROOT = iphoneos;
				SWIFT_ACTIVE_COMPILATION_CONDITIONS = DEBUG;
				SWIFT_OPTIMIZATION_LEVEL = "-Onone";
			};
			name = Debug;
		};
		5BC2184E2698A4C7002F8AA8 /* Release */ = {
			isa = XCBuildConfiguration;
			buildSettings = {
				ALWAYS_SEARCH_USER_PATHS = NO;
				CLANG_ANALYZER_NONNULL = YES;
				CLANG_ANALYZER_NUMBER_OBJECT_CONVERSION = YES_AGGRESSIVE;
				CLANG_CXX_LANGUAGE_STANDARD = "gnu++14";
				CLANG_CXX_LIBRARY = "libc++";
				CLANG_ENABLE_MODULES = YES;
				CLANG_ENABLE_OBJC_ARC = YES;
				CLANG_ENABLE_OBJC_WEAK = YES;
				CLANG_WARN_BLOCK_CAPTURE_AUTORELEASING = YES;
				CLANG_WARN_BOOL_CONVERSION = YES;
				CLANG_WARN_COMMA = YES;
				CLANG_WARN_CONSTANT_CONVERSION = YES;
				CLANG_WARN_DEPRECATED_OBJC_IMPLEMENTATIONS = YES;
				CLANG_WARN_DIRECT_OBJC_ISA_USAGE = YES_ERROR;
				CLANG_WARN_DOCUMENTATION_COMMENTS = YES;
				CLANG_WARN_EMPTY_BODY = YES;
				CLANG_WARN_ENUM_CONVERSION = YES;
				CLANG_WARN_INFINITE_RECURSION = YES;
				CLANG_WARN_INT_CONVERSION = YES;
				CLANG_WARN_NON_LITERAL_NULL_CONVERSION = YES;
				CLANG_WARN_OBJC_IMPLICIT_RETAIN_SELF = YES;
				CLANG_WARN_OBJC_LITERAL_CONVERSION = YES;
				CLANG_WARN_OBJC_ROOT_CLASS = YES_ERROR;
				CLANG_WARN_QUOTED_INCLUDE_IN_FRAMEWORK_HEADER = YES;
				CLANG_WARN_RANGE_LOOP_ANALYSIS = YES;
				CLANG_WARN_STRICT_PROTOTYPES = YES;
				CLANG_WARN_SUSPICIOUS_MOVE = YES;
				CLANG_WARN_UNGUARDED_AVAILABILITY = YES_AGGRESSIVE;
				CLANG_WARN_UNREACHABLE_CODE = YES;
				CLANG_WARN__DUPLICATE_METHOD_MATCH = YES;
				COPY_PHASE_STRIP = NO;
				DEBUG_INFORMATION_FORMAT = "dwarf-with-dsym";
				ENABLE_NS_ASSERTIONS = NO;
				ENABLE_STRICT_OBJC_MSGSEND = YES;
				GCC_C_LANGUAGE_STANDARD = gnu11;
				GCC_NO_COMMON_BLOCKS = YES;
				GCC_WARN_64_TO_32_BIT_CONVERSION = YES;
				GCC_WARN_ABOUT_RETURN_TYPE = YES_ERROR;
				GCC_WARN_UNDECLARED_SELECTOR = YES;
				GCC_WARN_UNINITIALIZED_AUTOS = YES_AGGRESSIVE;
				GCC_WARN_UNUSED_FUNCTION = YES;
				GCC_WARN_UNUSED_VARIABLE = YES;
				IPHONEOS_DEPLOYMENT_TARGET = 14.5;
				MTL_ENABLE_DEBUG_INFO = NO;
				MTL_FAST_MATH = YES;
				SDKROOT = iphoneos;
				SWIFT_COMPILATION_MODE = wholemodule;
				SWIFT_OPTIMIZATION_LEVEL = "-O";
				VALIDATE_PRODUCT = YES;
			};
			name = Release;
		};
		5BC218502698A4C7002F8AA8 /* Debug */ = {
			isa = XCBuildConfiguration;
			baseConfigurationReference = C9353C048B0DAE34CC8F8669 /* Pods-HealthCode2.debug.xcconfig */;
			buildSettings = {
				ASSETCATALOG_COMPILER_APPICON_NAME = AppIcon;
				ASSETCATALOG_COMPILER_GLOBAL_ACCENT_COLOR_NAME = AccentColor;
				CODE_SIGN_STYLE = Automatic;
				DEVELOPMENT_TEAM = 5V6K4WL6BN;
				INFOPLIST_FILE = HealthCode2/Info.plist;
				LD_RUNPATH_SEARCH_PATHS = (
					"$(inherited)",
					"@executable_path/Frameworks",
				);
				PRODUCT_BUNDLE_IDENTIFIER = PP.HealthCode2;
				PRODUCT_NAME = "$(TARGET_NAME)";
				SWIFT_VERSION = 5.0;
				TARGETED_DEVICE_FAMILY = "1,2";
			};
			name = Debug;
		};
		5BC218512698A4C7002F8AA8 /* Release */ = {
			isa = XCBuildConfiguration;
			baseConfigurationReference = E4EEFF35E9BF81938B392BB7 /* Pods-HealthCode2.release.xcconfig */;
			buildSettings = {
				ASSETCATALOG_COMPILER_APPICON_NAME = AppIcon;
				ASSETCATALOG_COMPILER_GLOBAL_ACCENT_COLOR_NAME = AccentColor;
				CODE_SIGN_STYLE = Automatic;
				DEVELOPMENT_TEAM = 5V6K4WL6BN;
				INFOPLIST_FILE = HealthCode2/Info.plist;
				LD_RUNPATH_SEARCH_PATHS = (
					"$(inherited)",
					"@executable_path/Frameworks",
				);
				PRODUCT_BUNDLE_IDENTIFIER = PP.HealthCode2;
				PRODUCT_NAME = "$(TARGET_NAME)";
				SWIFT_VERSION = 5.0;
				TARGETED_DEVICE_FAMILY = "1,2";
			};
			name = Release;
		};
		5BC218532698A4C7002F8AA8 /* Debug */ = {
			isa = XCBuildConfiguration;
			buildSettings = {
				ALWAYS_EMBED_SWIFT_STANDARD_LIBRARIES = YES;
				BUNDLE_LOADER = "$(TEST_HOST)";
				CODE_SIGN_STYLE = Automatic;
				DEVELOPMENT_TEAM = 8CK6Y592JH;
				INFOPLIST_FILE = HealthCode2Tests/Info.plist;
				IPHONEOS_DEPLOYMENT_TARGET = 14.5;
				LD_RUNPATH_SEARCH_PATHS = (
					"$(inherited)",
					"@executable_path/Frameworks",
					"@loader_path/Frameworks",
				);
				PRODUCT_BUNDLE_IDENTIFIER = PP.HealthCode2Tests;
				PRODUCT_NAME = "$(TARGET_NAME)";
				SWIFT_VERSION = 5.0;
				TARGETED_DEVICE_FAMILY = "1,2";
				TEST_HOST = "$(BUILT_PRODUCTS_DIR)/HealthCode2.app/HealthCode2";
			};
			name = Debug;
		};
		5BC218542698A4C7002F8AA8 /* Release */ = {
			isa = XCBuildConfiguration;
			buildSettings = {
				ALWAYS_EMBED_SWIFT_STANDARD_LIBRARIES = YES;
				BUNDLE_LOADER = "$(TEST_HOST)";
				CODE_SIGN_STYLE = Automatic;
				DEVELOPMENT_TEAM = 8CK6Y592JH;
				INFOPLIST_FILE = HealthCode2Tests/Info.plist;
				IPHONEOS_DEPLOYMENT_TARGET = 14.5;
				LD_RUNPATH_SEARCH_PATHS = (
					"$(inherited)",
					"@executable_path/Frameworks",
					"@loader_path/Frameworks",
				);
				PRODUCT_BUNDLE_IDENTIFIER = PP.HealthCode2Tests;
				PRODUCT_NAME = "$(TARGET_NAME)";
				SWIFT_VERSION = 5.0;
				TARGETED_DEVICE_FAMILY = "1,2";
				TEST_HOST = "$(BUILT_PRODUCTS_DIR)/HealthCode2.app/HealthCode2";
			};
			name = Release;
		};
		5BC218562698A4C7002F8AA8 /* Debug */ = {
			isa = XCBuildConfiguration;
			buildSettings = {
				ALWAYS_EMBED_SWIFT_STANDARD_LIBRARIES = YES;
				CODE_SIGN_STYLE = Automatic;
				DEVELOPMENT_TEAM = 8CK6Y592JH;
				INFOPLIST_FILE = HealthCode2UITests/Info.plist;
				LD_RUNPATH_SEARCH_PATHS = (
					"$(inherited)",
					"@executable_path/Frameworks",
					"@loader_path/Frameworks",
				);
				PRODUCT_BUNDLE_IDENTIFIER = PP.HealthCode2UITests;
				PRODUCT_NAME = "$(TARGET_NAME)";
				SWIFT_VERSION = 5.0;
				TARGETED_DEVICE_FAMILY = "1,2";
				TEST_TARGET_NAME = HealthCode2;
			};
			name = Debug;
		};
		5BC218572698A4C7002F8AA8 /* Release */ = {
			isa = XCBuildConfiguration;
			buildSettings = {
				ALWAYS_EMBED_SWIFT_STANDARD_LIBRARIES = YES;
				CODE_SIGN_STYLE = Automatic;
				DEVELOPMENT_TEAM = 8CK6Y592JH;
				INFOPLIST_FILE = HealthCode2UITests/Info.plist;
				LD_RUNPATH_SEARCH_PATHS = (
					"$(inherited)",
					"@executable_path/Frameworks",
					"@loader_path/Frameworks",
				);
				PRODUCT_BUNDLE_IDENTIFIER = PP.HealthCode2UITests;
				PRODUCT_NAME = "$(TARGET_NAME)";
				SWIFT_VERSION = 5.0;
				TARGETED_DEVICE_FAMILY = "1,2";
				TEST_TARGET_NAME = HealthCode2;
			};
			name = Release;
		};
/* End XCBuildConfiguration section */

/* Begin XCConfigurationList section */
		5BC218202698A4C3002F8AA8 /* Build configuration list for PBXProject "HealthCode2" */ = {
			isa = XCConfigurationList;
			buildConfigurations = (
				5BC2184D2698A4C7002F8AA8 /* Debug */,
				5BC2184E2698A4C7002F8AA8 /* Release */,
			);
			defaultConfigurationIsVisible = 0;
			defaultConfigurationName = Release;
		};
		5BC2184F2698A4C7002F8AA8 /* Build configuration list for PBXNativeTarget "HealthCode2" */ = {
			isa = XCConfigurationList;
			buildConfigurations = (
				5BC218502698A4C7002F8AA8 /* Debug */,
				5BC218512698A4C7002F8AA8 /* Release */,
			);
			defaultConfigurationIsVisible = 0;
			defaultConfigurationName = Release;
		};
		5BC218522698A4C7002F8AA8 /* Build configuration list for PBXNativeTarget "HealthCode2Tests" */ = {
			isa = XCConfigurationList;
			buildConfigurations = (
				5BC218532698A4C7002F8AA8 /* Debug */,
				5BC218542698A4C7002F8AA8 /* Release */,
			);
			defaultConfigurationIsVisible = 0;
			defaultConfigurationName = Release;
		};
		5BC218552698A4C7002F8AA8 /* Build configuration list for PBXNativeTarget "HealthCode2UITests" */ = {
			isa = XCConfigurationList;
			buildConfigurations = (
				5BC218562698A4C7002F8AA8 /* Debug */,
				5BC218572698A4C7002F8AA8 /* Release */,
			);
			defaultConfigurationIsVisible = 0;
			defaultConfigurationName = Release;
		};
/* End XCConfigurationList section */
	};
	rootObject = 5BC2181D2698A4C3002F8AA8 /* Project object */;
}
